// !$*UTF8*$!
{
	archiveVersion = 1;
	classes = {
	};
	objectVersion = 46;
	objects = {

/* Begin PBXBuildFile section */
		34FC0680C58707E64F55A2D8 /* Pods_RCSceneScreenShare.framework in Frameworks */ = {isa = PBXBuildFile; fileRef = 7FC93A7E133D65ABD0815BEA /* Pods_RCSceneScreenShare.framework */; };
		5874000E9640BE80BED6F063 /* Pods_RCLiveVideoScreenShare_Example.framework in Frameworks */ = {isa = PBXBuildFile; fileRef = 364956696B0FD7FDD11D5713 /* Pods_RCLiveVideoScreenShare_Example.framework */; };
		6003F58E195388D20070C39A /* Foundation.framework in Frameworks */ = {isa = PBXBuildFile; fileRef = 6003F58D195388D20070C39A /* Foundation.framework */; };
		6003F590195388D20070C39A /* CoreGraphics.framework in Frameworks */ = {isa = PBXBuildFile; fileRef = 6003F58F195388D20070C39A /* CoreGraphics.framework */; };
		6003F592195388D20070C39A /* UIKit.framework in Frameworks */ = {isa = PBXBuildFile; fileRef = 6003F591195388D20070C39A /* UIKit.framework */; };
		6003F598195388D20070C39A /* InfoPlist.strings in Resources */ = {isa = PBXBuildFile; fileRef = 6003F596195388D20070C39A /* InfoPlist.strings */; };
		6003F59A195388D20070C39A /* main.m in Sources */ = {isa = PBXBuildFile; fileRef = 6003F599195388D20070C39A /* main.m */; };
		6003F59E195388D20070C39A /* RCAppDelegate.m in Sources */ = {isa = PBXBuildFile; fileRef = 6003F59D195388D20070C39A /* RCAppDelegate.m */; };
		6003F5A7195388D20070C39A /* RCViewController.m in Sources */ = {isa = PBXBuildFile; fileRef = 6003F5A6195388D20070C39A /* RCViewController.m */; };
		6003F5A9195388D20070C39A /* Images.xcassets in Resources */ = {isa = PBXBuildFile; fileRef = 6003F5A8195388D20070C39A /* Images.xcassets */; };
		6003F5B0195388D20070C39A /* XCTest.framework in Frameworks */ = {isa = PBXBuildFile; fileRef = 6003F5AF195388D20070C39A /* XCTest.framework */; };
		6003F5B1195388D20070C39A /* Foundation.framework in Frameworks */ = {isa = PBXBuildFile; fileRef = 6003F58D195388D20070C39A /* Foundation.framework */; };
		6003F5B2195388D20070C39A /* UIKit.framework in Frameworks */ = {isa = PBXBuildFile; fileRef = 6003F591195388D20070C39A /* UIKit.framework */; };
		6003F5BA195388D20070C39A /* InfoPlist.strings in Resources */ = {isa = PBXBuildFile; fileRef = 6003F5B8195388D20070C39A /* InfoPlist.strings */; };
		6003F5BC195388D20070C39A /* Tests.m in Sources */ = {isa = PBXBuildFile; fileRef = 6003F5BB195388D20070C39A /* Tests.m */; };
		71719F9F1E33DC2100824A3D /* LaunchScreen.storyboard in Resources */ = {isa = PBXBuildFile; fileRef = 71719F9D1E33DC2100824A3D /* LaunchScreen.storyboard */; };
		76EC6E133B0D74F46281DE4C /* Pods_RCLiveVideoScreenShare_Tests.framework in Frameworks */ = {isa = PBXBuildFile; fileRef = 9AE0AC2A2D75E985B8A9E3F1 /* Pods_RCLiveVideoScreenShare_Tests.framework */; };
		873B8AEB1B1F5CCA007FD442 /* Main.storyboard in Resources */ = {isa = PBXBuildFile; fileRef = 873B8AEA1B1F5CCA007FD442 /* Main.storyboard */; };
		D757D7422819489700C809BB /* ReplayKit.framework in Frameworks */ = {isa = PBXBuildFile; fileRef = D757D7412819489700C809BB /* ReplayKit.framework */; };
		D757D7462819489700C809BB /* SampleHandler.m in Sources */ = {isa = PBXBuildFile; fileRef = D757D7452819489700C809BB /* SampleHandler.m */; };
		D757D7592819489800C809BB /* RCSceneScreenShare.appex in Embed App Extensions */ = {isa = PBXBuildFile; fileRef = D757D7402819489700C809BB /* RCSceneScreenShare.appex */; settings = {ATTRIBUTES = (RemoveHeadersOnCopy, ); }; };
		D757D7682819527D00C809BB /* RCRoleViewController.m in Sources */ = {isa = PBXBuildFile; fileRef = D757D7672819527D00C809BB /* RCRoleViewController.m */; };
		D7DEE5F228193D1700C29FA5 /* LoginViewController.m in Sources */ = {isa = PBXBuildFile; fileRef = D7DEE5F128193D1700C29FA5 /* LoginViewController.m */; };
		D7DEE5F928193D4E00C29FA5 /* RequestToken.m in Sources */ = {isa = PBXBuildFile; fileRef = D7DEE5F428193D4E00C29FA5 /* RequestToken.m */; };
		D7DEE5FA28193D4E00C29FA5 /* Constant.m in Sources */ = {isa = PBXBuildFile; fileRef = D7DEE5F828193D4E00C29FA5 /* Constant.m */; };
/* End PBXBuildFile section */

/* Begin PBXContainerItemProxy section */
		6003F5B3195388D20070C39A /* PBXContainerItemProxy */ = {
			isa = PBXContainerItemProxy;
			containerPortal = 6003F582195388D10070C39A /* Project object */;
			proxyType = 1;
			remoteGlobalIDString = 6003F589195388D20070C39A;
			remoteInfo = RCLiveVideoScreenShare;
		};
		D757D7572819489800C809BB /* PBXContainerItemProxy */ = {
			isa = PBXContainerItemProxy;
			containerPortal = 6003F582195388D10070C39A /* Project object */;
			proxyType = 1;
			remoteGlobalIDString = D757D73F2819489700C809BB;
			remoteInfo = RCSceneScreenShare;
		};
/* End PBXContainerItemProxy section */

/* Begin PBXCopyFilesBuildPhase section */
		D757D7602819489800C809BB /* Embed App Extensions */ = {
			isa = PBXCopyFilesBuildPhase;
			buildActionMask = 2147483647;
			dstPath = "";
			dstSubfolderSpec = 13;
			files = (
				D757D7592819489800C809BB /* RCSceneScreenShare.appex in Embed App Extensions */,
			);
			name = "Embed App Extensions";
			runOnlyForDeploymentPostprocessing = 0;
		};
/* End PBXCopyFilesBuildPhase section */

/* Begin PBXFileReference section */
		364956696B0FD7FDD11D5713 /* Pods_RCLiveVideoScreenShare_Example.framework */ = {isa = PBXFileReference; explicitFileType = wrapper.framework; includeInIndex = 0; path = Pods_RCLiveVideoScreenShare_Example.framework; sourceTree = BUILT_PRODUCTS_DIR; };
		52180F5DF3960F7E100380EC /* Pods-RCLiveVideoScreenShare_Tests.debug.xcconfig */ = {isa = PBXFileReference; includeInIndex = 1; lastKnownFileType = text.xcconfig; name = "Pods-RCLiveVideoScreenShare_Tests.debug.xcconfig"; path = "Target Support Files/Pods-RCLiveVideoScreenShare_Tests/Pods-RCLiveVideoScreenShare_Tests.debug.xcconfig"; sourceTree = "<group>"; };
		5DCD5BC97335322BCAA9D00A /* Pods-RCLiveVideoScreenShare_Tests.release.xcconfig */ = {isa = PBXFileReference; includeInIndex = 1; lastKnownFileType = text.xcconfig; name = "Pods-RCLiveVideoScreenShare_Tests.release.xcconfig"; path = "Target Support Files/Pods-RCLiveVideoScreenShare_Tests/Pods-RCLiveVideoScreenShare_Tests.release.xcconfig"; sourceTree = "<group>"; };
		6003F58A195388D20070C39A /* RCLiveVideoScreenShare_Example.app */ = {isa = PBXFileReference; explicitFileType = wrapper.application; includeInIndex = 0; path = RCLiveVideoScreenShare_Example.app; sourceTree = BUILT_PRODUCTS_DIR; };
		6003F58D195388D20070C39A /* Foundation.framework */ = {isa = PBXFileReference; lastKnownFileType = wrapper.framework; name = Foundation.framework; path = System/Library/Frameworks/Foundation.framework; sourceTree = SDKROOT; };
		6003F58F195388D20070C39A /* CoreGraphics.framework */ = {isa = PBXFileReference; lastKnownFileType = wrapper.framework; name = CoreGraphics.framework; path = System/Library/Frameworks/CoreGraphics.framework; sourceTree = SDKROOT; };
		6003F591195388D20070C39A /* UIKit.framework */ = {isa = PBXFileReference; lastKnownFileType = wrapper.framework; name = UIKit.framework; path = System/Library/Frameworks/UIKit.framework; sourceTree = SDKROOT; };
		6003F595195388D20070C39A /* RCLiveVideoScreenShare-Info.plist */ = {isa = PBXFileReference; lastKnownFileType = text.plist.xml; path = "RCLiveVideoScreenShare-Info.plist"; sourceTree = "<group>"; };
		6003F597195388D20070C39A /* en */ = {isa = PBXFileReference; lastKnownFileType = text.plist.strings; name = en; path = en.lproj/InfoPlist.strings; sourceTree = "<group>"; };
		6003F599195388D20070C39A /* main.m */ = {isa = PBXFileReference; lastKnownFileType = sourcecode.c.objc; path = main.m; sourceTree = "<group>"; };
		6003F59B195388D20070C39A /* RCLiveVideoScreenShare-Prefix.pch */ = {isa = PBXFileReference; lastKnownFileType = sourcecode.c.h; path = "RCLiveVideoScreenShare-Prefix.pch"; sourceTree = "<group>"; };
		6003F59C195388D20070C39A /* RCAppDelegate.h */ = {isa = PBXFileReference; lastKnownFileType = sourcecode.c.h; path = RCAppDelegate.h; sourceTree = "<group>"; };
		6003F59D195388D20070C39A /* RCAppDelegate.m */ = {isa = PBXFileReference; lastKnownFileType = sourcecode.c.objc; path = RCAppDelegate.m; sourceTree = "<group>"; };
		6003F5A5195388D20070C39A /* RCViewController.h */ = {isa = PBXFileReference; lastKnownFileType = sourcecode.c.h; path = RCViewController.h; sourceTree = "<group>"; };
		6003F5A6195388D20070C39A /* RCViewController.m */ = {isa = PBXFileReference; lastKnownFileType = sourcecode.c.objc; path = RCViewController.m; sourceTree = "<group>"; };
		6003F5A8195388D20070C39A /* Images.xcassets */ = {isa = PBXFileReference; lastKnownFileType = folder.assetcatalog; path = Images.xcassets; sourceTree = "<group>"; };
		6003F5AE195388D20070C39A /* RCLiveVideoScreenShare_Tests.xctest */ = {isa = PBXFileReference; explicitFileType = wrapper.cfbundle; includeInIndex = 0; path = RCLiveVideoScreenShare_Tests.xctest; sourceTree = BUILT_PRODUCTS_DIR; };
		6003F5AF195388D20070C39A /* XCTest.framework */ = {isa = PBXFileReference; lastKnownFileType = wrapper.framework; name = XCTest.framework; path = Library/Frameworks/XCTest.framework; sourceTree = DEVELOPER_DIR; };
		6003F5B7195388D20070C39A /* Tests-Info.plist */ = {isa = PBXFileReference; lastKnownFileType = text.plist.xml; path = "Tests-Info.plist"; sourceTree = "<group>"; };
		6003F5B9195388D20070C39A /* en */ = {isa = PBXFileReference; lastKnownFileType = text.plist.strings; name = en; path = en.lproj/InfoPlist.strings; sourceTree = "<group>"; };
		6003F5BB195388D20070C39A /* Tests.m */ = {isa = PBXFileReference; lastKnownFileType = sourcecode.c.objc; path = Tests.m; sourceTree = "<group>"; };
		606FC2411953D9B200FFA9A0 /* Tests-Prefix.pch */ = {isa = PBXFileReference; lastKnownFileType = sourcecode.c.h; path = "Tests-Prefix.pch"; sourceTree = "<group>"; };
		71719F9E1E33DC2100824A3D /* Base */ = {isa = PBXFileReference; lastKnownFileType = file.storyboard; name = Base; path = Base.lproj/LaunchScreen.storyboard; sourceTree = "<group>"; };
		7FC93A7E133D65ABD0815BEA /* Pods_RCSceneScreenShare.framework */ = {isa = PBXFileReference; explicitFileType = wrapper.framework; includeInIndex = 0; path = Pods_RCSceneScreenShare.framework; sourceTree = BUILT_PRODUCTS_DIR; };
		81735265E795C19076FF771F /* README.md */ = {isa = PBXFileReference; includeInIndex = 1; lastKnownFileType = net.daringfireball.markdown; name = README.md; path = ../README.md; sourceTree = "<group>"; };
		8265CD78D8117B77C96B4796 /* Pods-RCLiveVideoScreenShare_Example.release.xcconfig */ = {isa = PBXFileReference; includeInIndex = 1; lastKnownFileType = text.xcconfig; name = "Pods-RCLiveVideoScreenShare_Example.release.xcconfig"; path = "Target Support Files/Pods-RCLiveVideoScreenShare_Example/Pods-RCLiveVideoScreenShare_Example.release.xcconfig"; sourceTree = "<group>"; };
		873B8AEA1B1F5CCA007FD442 /* Main.storyboard */ = {isa = PBXFileReference; fileEncoding = 4; lastKnownFileType = file.storyboard; path = Main.storyboard; sourceTree = "<group>"; };
		9AE0AC2A2D75E985B8A9E3F1 /* Pods_RCLiveVideoScreenShare_Tests.framework */ = {isa = PBXFileReference; explicitFileType = wrapper.framework; includeInIndex = 0; path = Pods_RCLiveVideoScreenShare_Tests.framework; sourceTree = BUILT_PRODUCTS_DIR; };
		9D8F06F01132411D17E67100 /* LICENSE */ = {isa = PBXFileReference; includeInIndex = 1; lastKnownFileType = text; name = LICENSE; path = ../LICENSE; sourceTree = "<group>"; };
		B6080A0442C5F6FADCD3FDCC /* Pods-RCLiveVideoScreenShare_Example.debug.xcconfig */ = {isa = PBXFileReference; includeInIndex = 1; lastKnownFileType = text.xcconfig; name = "Pods-RCLiveVideoScreenShare_Example.debug.xcconfig"; path = "Target Support Files/Pods-RCLiveVideoScreenShare_Example/Pods-RCLiveVideoScreenShare_Example.debug.xcconfig"; sourceTree = "<group>"; };
		B9DE7EEC1A48CCA6CB7298C6 /* RCLiveVideoScreenShare.podspec */ = {isa = PBXFileReference; includeInIndex = 1; lastKnownFileType = text; name = RCLiveVideoScreenShare.podspec; path = ../RCLiveVideoScreenShare.podspec; sourceTree = "<group>"; };
		D6E48787587D89586B9E41E3 /* Pods-RCSceneScreenShare.release.xcconfig */ = {isa = PBXFileReference; includeInIndex = 1; lastKnownFileType = text.xcconfig; name = "Pods-RCSceneScreenShare.release.xcconfig"; path = "Target Support Files/Pods-RCSceneScreenShare/Pods-RCSceneScreenShare.release.xcconfig"; sourceTree = "<group>"; };
		D757D7402819489700C809BB /* RCSceneScreenShare.appex */ = {isa = PBXFileReference; explicitFileType = "wrapper.app-extension"; includeInIndex = 0; path = RCSceneScreenShare.appex; sourceTree = BUILT_PRODUCTS_DIR; };
		D757D7412819489700C809BB /* ReplayKit.framework */ = {isa = PBXFileReference; lastKnownFileType = wrapper.framework; name = ReplayKit.framework; path = System/Library/Frameworks/ReplayKit.framework; sourceTree = SDKROOT; };
		D757D7442819489700C809BB /* SampleHandler.h */ = {isa = PBXFileReference; lastKnownFileType = sourcecode.c.h; path = SampleHandler.h; sourceTree = "<group>"; };
		D757D7452819489700C809BB /* SampleHandler.m */ = {isa = PBXFileReference; lastKnownFileType = sourcecode.c.objc; path = SampleHandler.m; sourceTree = "<group>"; };
		D757D7472819489700C809BB /* Info.plist */ = {isa = PBXFileReference; lastKnownFileType = text.plist.xml; path = Info.plist; sourceTree = "<group>"; };
		D757D7612819491A00C809BB /* RCSceneScreenShare.entitlements */ = {isa = PBXFileReference; lastKnownFileType = text.plist.entitlements; path = RCSceneScreenShare.entitlements; sourceTree = "<group>"; };
		D757D7662819527D00C809BB /* RCRoleViewController.h */ = {isa = PBXFileReference; lastKnownFileType = sourcecode.c.h; path = RCRoleViewController.h; sourceTree = "<group>"; };
		D757D7672819527D00C809BB /* RCRoleViewController.m */ = {isa = PBXFileReference; lastKnownFileType = sourcecode.c.objc; path = RCRoleViewController.m; sourceTree = "<group>"; };
		D7DEE5F028193D1700C29FA5 /* LoginViewController.h */ = {isa = PBXFileReference; fileEncoding = 4; lastKnownFileType = sourcecode.c.h; path = LoginViewController.h; sourceTree = "<group>"; };
		D7DEE5F128193D1700C29FA5 /* LoginViewController.m */ = {isa = PBXFileReference; fileEncoding = 4; lastKnownFileType = sourcecode.c.objc; path = LoginViewController.m; sourceTree = "<group>"; };
		D7DEE5F428193D4E00C29FA5 /* RequestToken.m */ = {isa = PBXFileReference; fileEncoding = 4; lastKnownFileType = sourcecode.c.objc; path = RequestToken.m; sourceTree = "<group>"; };
		D7DEE5F528193D4E00C29FA5 /* RequestToken.h */ = {isa = PBXFileReference; fileEncoding = 4; lastKnownFileType = sourcecode.c.h; path = RequestToken.h; sourceTree = "<group>"; };
		D7DEE5F728193D4E00C29FA5 /* Constant.h */ = {isa = PBXFileReference; fileEncoding = 4; lastKnownFileType = sourcecode.c.h; path = Constant.h; sourceTree = "<group>"; };
		D7DEE5F828193D4E00C29FA5 /* Constant.m */ = {isa = PBXFileReference; fileEncoding = 4; lastKnownFileType = sourcecode.c.objc; path = Constant.m; sourceTree = "<group>"; };
		D7DEE5FD28193EE700C29FA5 /* RCLiveVideoScreenShare_Example.entitlements */ = {isa = PBXFileReference; lastKnownFileType = text.plist.entitlements; path = RCLiveVideoScreenShare_Example.entitlements; sourceTree = "<group>"; };
		E8973838F5B4F16B49B99236 /* Pods-RCSceneScreenShare.debug.xcconfig */ = {isa = PBXFileReference; includeInIndex = 1; lastKnownFileType = text.xcconfig; name = "Pods-RCSceneScreenShare.debug.xcconfig"; path = "Target Support Files/Pods-RCSceneScreenShare/Pods-RCSceneScreenShare.debug.xcconfig"; sourceTree = "<group>"; };
/* End PBXFileReference section */

/* Begin PBXFrameworksBuildPhase section */
		6003F587195388D20070C39A /* Frameworks */ = {
			isa = PBXFrameworksBuildPhase;
			buildActionMask = 2147483647;
			files = (
				6003F590195388D20070C39A /* CoreGraphics.framework in Frameworks */,
				6003F592195388D20070C39A /* UIKit.framework in Frameworks */,
				6003F58E195388D20070C39A /* Foundation.framework in Frameworks */,
				5874000E9640BE80BED6F063 /* Pods_RCLiveVideoScreenShare_Example.framework in Frameworks */,
			);
			runOnlyForDeploymentPostprocessing = 0;
		};
		6003F5AB195388D20070C39A /* Frameworks */ = {
			isa = PBXFrameworksBuildPhase;
			buildActionMask = 2147483647;
			files = (
				6003F5B0195388D20070C39A /* XCTest.framework in Frameworks */,
				6003F5B2195388D20070C39A /* UIKit.framework in Frameworks */,
				6003F5B1195388D20070C39A /* Foundation.framework in Frameworks */,
				76EC6E133B0D74F46281DE4C /* Pods_RCLiveVideoScreenShare_Tests.framework in Frameworks */,
			);
			runOnlyForDeploymentPostprocessing = 0;
		};
		D757D73D2819489700C809BB /* Frameworks */ = {
			isa = PBXFrameworksBuildPhase;
			buildActionMask = 2147483647;
			files = (
				D757D7422819489700C809BB /* ReplayKit.framework in Frameworks */,
				34FC0680C58707E64F55A2D8 /* Pods_RCSceneScreenShare.framework in Frameworks */,
			);
			runOnlyForDeploymentPostprocessing = 0;
		};
/* End PBXFrameworksBuildPhase section */

/* Begin PBXGroup section */
		39A64A082E506A1E02D4E865 /* Pods */ = {
			isa = PBXGroup;
			children = (
				B6080A0442C5F6FADCD3FDCC /* Pods-RCLiveVideoScreenShare_Example.debug.xcconfig */,
				8265CD78D8117B77C96B4796 /* Pods-RCLiveVideoScreenShare_Example.release.xcconfig */,
				52180F5DF3960F7E100380EC /* Pods-RCLiveVideoScreenShare_Tests.debug.xcconfig */,
				5DCD5BC97335322BCAA9D00A /* Pods-RCLiveVideoScreenShare_Tests.release.xcconfig */,
				E8973838F5B4F16B49B99236 /* Pods-RCSceneScreenShare.debug.xcconfig */,
				D6E48787587D89586B9E41E3 /* Pods-RCSceneScreenShare.release.xcconfig */,
			);
			path = Pods;
			sourceTree = "<group>";
		};
		6003F581195388D10070C39A = {
			isa = PBXGroup;
			children = (
				D7DEE5FD28193EE700C29FA5 /* RCLiveVideoScreenShare_Example.entitlements */,
				60FF7A9C1954A5C5007DD14C /* Podspec Metadata */,
				6003F593195388D20070C39A /* Example for RCLiveVideoScreenShare */,
				6003F5B5195388D20070C39A /* Tests */,
				D757D7432819489700C809BB /* RCSceneScreenShare */,
				6003F58C195388D20070C39A /* Frameworks */,
				6003F58B195388D20070C39A /* Products */,
				39A64A082E506A1E02D4E865 /* Pods */,
			);
			sourceTree = "<group>";
		};
		6003F58B195388D20070C39A /* Products */ = {
			isa = PBXGroup;
			children = (
				6003F58A195388D20070C39A /* RCLiveVideoScreenShare_Example.app */,
				6003F5AE195388D20070C39A /* RCLiveVideoScreenShare_Tests.xctest */,
				D757D7402819489700C809BB /* RCSceneScreenShare.appex */,
			);
			name = Products;
			sourceTree = "<group>";
		};
		6003F58C195388D20070C39A /* Frameworks */ = {
			isa = PBXGroup;
			children = (
				6003F58D195388D20070C39A /* Foundation.framework */,
				6003F58F195388D20070C39A /* CoreGraphics.framework */,
				6003F591195388D20070C39A /* UIKit.framework */,
				6003F5AF195388D20070C39A /* XCTest.framework */,
				364956696B0FD7FDD11D5713 /* Pods_RCLiveVideoScreenShare_Example.framework */,
				9AE0AC2A2D75E985B8A9E3F1 /* Pods_RCLiveVideoScreenShare_Tests.framework */,
				D757D7412819489700C809BB /* ReplayKit.framework */,
				7FC93A7E133D65ABD0815BEA /* Pods_RCSceneScreenShare.framework */,
			);
			name = Frameworks;
			sourceTree = "<group>";
		};
		6003F593195388D20070C39A /* Example for RCLiveVideoScreenShare */ = {
			isa = PBXGroup;
			children = (
				D7C99719281A2FE50084BC7E /* Storyboard */,
				D7C99717281A2FB70084BC7E /* Role */,
				D7C99715281A2F850084BC7E /* Login */,
				6003F59C195388D20070C39A /* RCAppDelegate.h */,
				6003F59D195388D20070C39A /* RCAppDelegate.m */,
				6003F5A5195388D20070C39A /* RCViewController.h */,
				6003F5A6195388D20070C39A /* RCViewController.m */,
				6003F5A8195388D20070C39A /* Images.xcassets */,
				6003F594195388D20070C39A /* Supporting Files */,
			);
			name = "Example for RCLiveVideoScreenShare";
			path = RCLiveVideoScreenShare;
			sourceTree = "<group>";
		};
		6003F594195388D20070C39A /* Supporting Files */ = {
			isa = PBXGroup;
			children = (
				6003F595195388D20070C39A /* RCLiveVideoScreenShare-Info.plist */,
				6003F596195388D20070C39A /* InfoPlist.strings */,
				6003F599195388D20070C39A /* main.m */,
				6003F59B195388D20070C39A /* RCLiveVideoScreenShare-Prefix.pch */,
			);
			name = "Supporting Files";
			sourceTree = "<group>";
		};
		6003F5B5195388D20070C39A /* Tests */ = {
			isa = PBXGroup;
			children = (
				6003F5BB195388D20070C39A /* Tests.m */,
				6003F5B6195388D20070C39A /* Supporting Files */,
			);
			path = Tests;
			sourceTree = "<group>";
		};
		6003F5B6195388D20070C39A /* Supporting Files */ = {
			isa = PBXGroup;
			children = (
				6003F5B7195388D20070C39A /* Tests-Info.plist */,
				6003F5B8195388D20070C39A /* InfoPlist.strings */,
				606FC2411953D9B200FFA9A0 /* Tests-Prefix.pch */,
			);
			name = "Supporting Files";
			sourceTree = "<group>";
		};
		60FF7A9C1954A5C5007DD14C /* Podspec Metadata */ = {
			isa = PBXGroup;
			children = (
				B9DE7EEC1A48CCA6CB7298C6 /* RCLiveVideoScreenShare.podspec */,
				81735265E795C19076FF771F /* README.md */,
				9D8F06F01132411D17E67100 /* LICENSE */,
			);
			name = "Podspec Metadata";
			sourceTree = "<group>";
		};
		D757D7432819489700C809BB /* RCSceneScreenShare */ = {
			isa = PBXGroup;
			children = (
				D757D7612819491A00C809BB /* RCSceneScreenShare.entitlements */,
				D757D7442819489700C809BB /* SampleHandler.h */,
				D757D7452819489700C809BB /* SampleHandler.m */,
				D757D7472819489700C809BB /* Info.plist */,
			);
			path = RCSceneScreenShare;
			sourceTree = "<group>";
		};
		D7C99715281A2F850084BC7E /* Login */ = {
			isa = PBXGroup;
			children = (
				D7DEE5F328193D4E00C29FA5 /* Request */,
				D7DEE5F628193D4E00C29FA5 /* Constant */,
				D7C99716281A2F8C0084BC7E /* ViewController */,
			);
			path = Login;
			sourceTree = "<group>";
		};
		D7C99716281A2F8C0084BC7E /* ViewController */ = {
			isa = PBXGroup;
			children = (
				D7DEE5F028193D1700C29FA5 /* LoginViewController.h */,
				D7DEE5F128193D1700C29FA5 /* LoginViewController.m */,
			);
			path = ViewController;
			sourceTree = "<group>";
		};
		D7C99717281A2FB70084BC7E /* Role */ = {
			isa = PBXGroup;
			children = (
				D7C99718281A2FBE0084BC7E /* ViewController */,
			);
			path = Role;
			sourceTree = "<group>";
		};
		D7C99718281A2FBE0084BC7E /* ViewController */ = {
			isa = PBXGroup;
			children = (
				D757D7662819527D00C809BB /* RCRoleViewController.h */,
				D757D7672819527D00C809BB /* RCRoleViewController.m */,
			);
			path = ViewController;
			sourceTree = "<group>";
		};
		D7C99719281A2FE50084BC7E /* Storyboard */ = {
			isa = PBXGroup;
			children = (
				873B8AEA1B1F5CCA007FD442 /* Main.storyboard */,
				71719F9D1E33DC2100824A3D /* LaunchScreen.storyboard */,
			);
			path = Storyboard;
			sourceTree = "<group>";
		};
		D7DEE5F328193D4E00C29FA5 /* Request */ = {
			isa = PBXGroup;
			children = (
				D7DEE5F428193D4E00C29FA5 /* RequestToken.m */,
				D7DEE5F528193D4E00C29FA5 /* RequestToken.h */,
			);
			path = Request;
			sourceTree = "<group>";
		};
		D7DEE5F628193D4E00C29FA5 /* Constant */ = {
			isa = PBXGroup;
			children = (
				D7DEE5F728193D4E00C29FA5 /* Constant.h */,
				D7DEE5F828193D4E00C29FA5 /* Constant.m */,
			);
			path = Constant;
			sourceTree = "<group>";
		};
/* End PBXGroup section */

/* Begin PBXNativeTarget section */
		6003F589195388D20070C39A /* RCLiveVideoScreenShare_Example */ = {
			isa = PBXNativeTarget;
			buildConfigurationList = 6003F5BF195388D20070C39A /* Build configuration list for PBXNativeTarget "RCLiveVideoScreenShare_Example" */;
			buildPhases = (
				EA33056809EAEA05F1D9EF11 /* [CP] Check Pods Manifest.lock */,
				6003F586195388D20070C39A /* Sources */,
				6003F587195388D20070C39A /* Frameworks */,
				6003F588195388D20070C39A /* Resources */,
				2254664E06F9D5458C1F253E /* [CP] Embed Pods Frameworks */,
				35AEA68AAF52672D6FABA0AF /* [CP] Copy Pods Resources */,
				D757D7602819489800C809BB /* Embed App Extensions */,
			);
			buildRules = (
			);
			dependencies = (
				D757D7582819489800C809BB /* PBXTargetDependency */,
			);
			name = RCLiveVideoScreenShare_Example;
			productName = RCLiveVideoScreenShare;
			productReference = 6003F58A195388D20070C39A /* RCLiveVideoScreenShare_Example.app */;
			productType = "com.apple.product-type.application";
		};
		6003F5AD195388D20070C39A /* RCLiveVideoScreenShare_Tests */ = {
			isa = PBXNativeTarget;
			buildConfigurationList = 6003F5C2195388D20070C39A /* Build configuration list for PBXNativeTarget "RCLiveVideoScreenShare_Tests" */;
			buildPhases = (
				148225977A547F3DB159A701 /* [CP] Check Pods Manifest.lock */,
				6003F5AA195388D20070C39A /* Sources */,
				6003F5AB195388D20070C39A /* Frameworks */,
				6003F5AC195388D20070C39A /* Resources */,
			);
			buildRules = (
			);
			dependencies = (
				6003F5B4195388D20070C39A /* PBXTargetDependency */,
			);
			name = RCLiveVideoScreenShare_Tests;
			productName = RCLiveVideoScreenShareTests;
			productReference = 6003F5AE195388D20070C39A /* RCLiveVideoScreenShare_Tests.xctest */;
			productType = "com.apple.product-type.bundle.unit-test";
		};
		D757D73F2819489700C809BB /* RCSceneScreenShare */ = {
			isa = PBXNativeTarget;
			buildConfigurationList = D757D75D2819489800C809BB /* Build configuration list for PBXNativeTarget "RCSceneScreenShare" */;
			buildPhases = (
				D3CDC295C5975DC978021147 /* [CP] Check Pods Manifest.lock */,
				D757D73C2819489700C809BB /* Sources */,
				D757D73D2819489700C809BB /* Frameworks */,
				D757D73E2819489700C809BB /* Resources */,
			);
			buildRules = (
			);
			dependencies = (
			);
			name = RCSceneScreenShare;
			productName = RCSceneScreenShare;
			productReference = D757D7402819489700C809BB /* RCSceneScreenShare.appex */;
			productType = "com.apple.product-type.app-extension";
		};
/* End PBXNativeTarget section */

/* Begin PBXProject section */
		6003F582195388D10070C39A /* Project object */ = {
			isa = PBXProject;
			attributes = {
				CLASSPREFIX = RC;
				LastUpgradeCheck = 1330;
				ORGANIZATIONNAME = shaoshuai;
				TargetAttributes = {
					6003F589195388D20070C39A = {
						DevelopmentTeam = 69G8BQ9KQW;
					};
					6003F5AD195388D20070C39A = {
						TestTargetID = 6003F589195388D20070C39A;
					};
					D757D73F2819489700C809BB = {
						CreatedOnToolsVersion = 13.3.1;
						DevelopmentTeam = 69G8BQ9KQW;
						ProvisioningStyle = Automatic;
					};
				};
			};
			buildConfigurationList = 6003F585195388D10070C39A /* Build configuration list for PBXProject "RCLiveVideoScreenShare" */;
			compatibilityVersion = "Xcode 3.2";
			developmentRegion = English;
			hasScannedForEncodings = 0;
			knownRegions = (
				English,
				en,
				Base,
			);
			mainGroup = 6003F581195388D10070C39A;
			productRefGroup = 6003F58B195388D20070C39A /* Products */;
			projectDirPath = "";
			projectRoot = "";
			targets = (
				6003F589195388D20070C39A /* RCLiveVideoScreenShare_Example */,
				6003F5AD195388D20070C39A /* RCLiveVideoScreenShare_Tests */,
				D757D73F2819489700C809BB /* RCSceneScreenShare */,
			);
		};
/* End PBXProject section */

/* Begin PBXResourcesBuildPhase section */
		6003F588195388D20070C39A /* Resources */ = {
			isa = PBXResourcesBuildPhase;
			buildActionMask = 2147483647;
			files = (
				873B8AEB1B1F5CCA007FD442 /* Main.storyboard in Resources */,
				71719F9F1E33DC2100824A3D /* LaunchScreen.storyboard in Resources */,
				6003F5A9195388D20070C39A /* Images.xcassets in Resources */,
				6003F598195388D20070C39A /* InfoPlist.strings in Resources */,
			);
			runOnlyForDeploymentPostprocessing = 0;
		};
		6003F5AC195388D20070C39A /* Resources */ = {
			isa = PBXResourcesBuildPhase;
			buildActionMask = 2147483647;
			files = (
				6003F5BA195388D20070C39A /* InfoPlist.strings in Resources */,
			);
			runOnlyForDeploymentPostprocessing = 0;
		};
		D757D73E2819489700C809BB /* Resources */ = {
			isa = PBXResourcesBuildPhase;
			buildActionMask = 2147483647;
			files = (
			);
			runOnlyForDeploymentPostprocessing = 0;
		};
/* End PBXResourcesBuildPhase section */

/* Begin PBXShellScriptBuildPhase section */
		148225977A547F3DB159A701 /* [CP] Check Pods Manifest.lock */ = {
			isa = PBXShellScriptBuildPhase;
			buildActionMask = 2147483647;
			files = (
			);
			inputFileListPaths = (
			);
			inputPaths = (
				"${PODS_PODFILE_DIR_PATH}/Podfile.lock",
				"${PODS_ROOT}/Manifest.lock",
			);
			name = "[CP] Check Pods Manifest.lock";
			outputFileListPaths = (
			);
			outputPaths = (
				"$(DERIVED_FILE_DIR)/Pods-RCLiveVideoScreenShare_Tests-checkManifestLockResult.txt",
			);
			runOnlyForDeploymentPostprocessing = 0;
			shellPath = /bin/sh;
			shellScript = "diff \"${PODS_PODFILE_DIR_PATH}/Podfile.lock\" \"${PODS_ROOT}/Manifest.lock\" > /dev/null\nif [ $? != 0 ] ; then\n    # print error to STDERR\n    echo \"error: The sandbox is not in sync with the Podfile.lock. Run 'pod install' or update your CocoaPods installation.\" >&2\n    exit 1\nfi\n# This output is used by Xcode 'outputs' to avoid re-running this script phase.\necho \"SUCCESS\" > \"${SCRIPT_OUTPUT_FILE_0}\"\n";
			showEnvVarsInLog = 0;
		};
		2254664E06F9D5458C1F253E /* [CP] Embed Pods Frameworks */ = {
			isa = PBXShellScriptBuildPhase;
			buildActionMask = 2147483647;
			files = (
			);
			inputPaths = (
				"${PODS_ROOT}/Target Support Files/Pods-RCLiveVideoScreenShare_Example/Pods-RCLiveVideoScreenShare_Example-frameworks.sh",
				"${BUILT_PRODUCTS_DIR}/Masonry/Masonry.framework",
				"${PODS_XCFRAMEWORKS_BUILD_DIR}/RongCloudIM/ChatRoom/RongChatRoom.framework/RongChatRoom",
				"${PODS_XCFRAMEWORKS_BUILD_DIR}/RongCloudIM/CustomerService/RongCustomerService.framework/RongCustomerService",
				"${PODS_XCFRAMEWORKS_BUILD_DIR}/RongCloudIM/Discussion/RongDiscussion.framework/RongDiscussion",
				"${PODS_XCFRAMEWORKS_BUILD_DIR}/RongCloudIM/IMLib/RongIMLib.framework/RongIMLib",
				"${PODS_XCFRAMEWORKS_BUILD_DIR}/RongCloudIM/IMLibCore/RongIMLibCore.framework/RongIMLibCore",
				"${PODS_XCFRAMEWORKS_BUILD_DIR}/RongCloudIM/Location/RongLocation.framework/RongLocation",
				"${PODS_XCFRAMEWORKS_BUILD_DIR}/RongCloudIM/PublicService/RongPublicService.framework/RongPublicService",
				"${PODS_XCFRAMEWORKS_BUILD_DIR}/RongCloudRTC/RongRTCLib/RongRTCLib.framework/RongRTCLib",
				"${PODS_XCFRAMEWORKS_BUILD_DIR}/RongCloudRTC/RongRTCReplayKitExt/RongRTCReplayKitExt.framework/RongRTCReplayKitExt",
			);
			name = "[CP] Embed Pods Frameworks";
			outputPaths = (
				"${TARGET_BUILD_DIR}/${FRAMEWORKS_FOLDER_PATH}/Masonry.framework",
				"${TARGET_BUILD_DIR}/${FRAMEWORKS_FOLDER_PATH}/RongChatRoom.framework",
				"${TARGET_BUILD_DIR}/${FRAMEWORKS_FOLDER_PATH}/RongCustomerService.framework",
				"${TARGET_BUILD_DIR}/${FRAMEWORKS_FOLDER_PATH}/RongDiscussion.framework",
				"${TARGET_BUILD_DIR}/${FRAMEWORKS_FOLDER_PATH}/RongIMLib.framework",
				"${TARGET_BUILD_DIR}/${FRAMEWORKS_FOLDER_PATH}/RongIMLibCore.framework",
				"${TARGET_BUILD_DIR}/${FRAMEWORKS_FOLDER_PATH}/RongLocation.framework",
				"${TARGET_BUILD_DIR}/${FRAMEWORKS_FOLDER_PATH}/RongPublicService.framework",
				"${TARGET_BUILD_DIR}/${FRAMEWORKS_FOLDER_PATH}/RongRTCLib.framework",
				"${TARGET_BUILD_DIR}/${FRAMEWORKS_FOLDER_PATH}/RongRTCReplayKitExt.framework",
			);
			runOnlyForDeploymentPostprocessing = 0;
			shellPath = /bin/sh;
			shellScript = "\"${PODS_ROOT}/Target Support Files/Pods-RCLiveVideoScreenShare_Example/Pods-RCLiveVideoScreenShare_Example-frameworks.sh\"\n";
			showEnvVarsInLog = 0;
		};
		35AEA68AAF52672D6FABA0AF /* [CP] Copy Pods Resources */ = {
			isa = PBXShellScriptBuildPhase;
			buildActionMask = 2147483647;
			files = (
			);
			inputPaths = (
				"${PODS_ROOT}/Target Support Files/Pods-RCLiveVideoScreenShare_Example/Pods-RCLiveVideoScreenShare_Example-resources.sh",
				"${PODS_ROOT}/RongCloudIM/RongCloudIM/RCConfig.plist",
			);
			name = "[CP] Copy Pods Resources";
			outputPaths = (
				"${TARGET_BUILD_DIR}/${UNLOCALIZED_RESOURCES_FOLDER_PATH}/RCConfig.plist",
			);
			runOnlyForDeploymentPostprocessing = 0;
			shellPath = /bin/sh;
			shellScript = "\"${PODS_ROOT}/Target Support Files/Pods-RCLiveVideoScreenShare_Example/Pods-RCLiveVideoScreenShare_Example-resources.sh\"\n";
			showEnvVarsInLog = 0;
		};
		D3CDC295C5975DC978021147 /* [CP] Check Pods Manifest.lock */ = {
			isa = PBXShellScriptBuildPhase;
			buildActionMask = 2147483647;
			files = (
			);
			inputFileListPaths = (
			);
			inputPaths = (
				"${PODS_PODFILE_DIR_PATH}/Podfile.lock",
				"${PODS_ROOT}/Manifest.lock",
			);
			name = "[CP] Check Pods Manifest.lock";
			outputFileListPaths = (
			);
			outputPaths = (
				"$(DERIVED_FILE_DIR)/Pods-RCSceneScreenShare-checkManifestLockResult.txt",
			);
			runOnlyForDeploymentPostprocessing = 0;
			shellPath = /bin/sh;
			shellScript = "diff \"${PODS_PODFILE_DIR_PATH}/Podfile.lock\" \"${PODS_ROOT}/Manifest.lock\" > /dev/null\nif [ $? != 0 ] ; then\n    # print error to STDERR\n    echo \"error: The sandbox is not in sync with the Podfile.lock. Run 'pod install' or update your CocoaPods installation.\" >&2\n    exit 1\nfi\n# This output is used by Xcode 'outputs' to avoid re-running this script phase.\necho \"SUCCESS\" > \"${SCRIPT_OUTPUT_FILE_0}\"\n";
			showEnvVarsInLog = 0;
		};
		EA33056809EAEA05F1D9EF11 /* [CP] Check Pods Manifest.lock */ = {
			isa = PBXShellScriptBuildPhase;
			buildActionMask = 2147483647;
			files = (
			);
			inputFileListPaths = (
			);
			inputPaths = (
				"${PODS_PODFILE_DIR_PATH}/Podfile.lock",
				"${PODS_ROOT}/Manifest.lock",
			);
			name = "[CP] Check Pods Manifest.lock";
			outputFileListPaths = (
			);
			outputPaths = (
				"$(DERIVED_FILE_DIR)/Pods-RCLiveVideoScreenShare_Example-checkManifestLockResult.txt",
			);
			runOnlyForDeploymentPostprocessing = 0;
			shellPath = /bin/sh;
			shellScript = "diff \"${PODS_PODFILE_DIR_PATH}/Podfile.lock\" \"${PODS_ROOT}/Manifest.lock\" > /dev/null\nif [ $? != 0 ] ; then\n    # print error to STDERR\n    echo \"error: The sandbox is not in sync with the Podfile.lock. Run 'pod install' or update your CocoaPods installation.\" >&2\n    exit 1\nfi\n# This output is used by Xcode 'outputs' to avoid re-running this script phase.\necho \"SUCCESS\" > \"${SCRIPT_OUTPUT_FILE_0}\"\n";
			showEnvVarsInLog = 0;
		};
/* End PBXShellScriptBuildPhase section */

/* Begin PBXSourcesBuildPhase section */
		6003F586195388D20070C39A /* Sources */ = {
			isa = PBXSourcesBuildPhase;
			buildActionMask = 2147483647;
			files = (
				D7DEE5F228193D1700C29FA5 /* LoginViewController.m in Sources */,
				D7DEE5FA28193D4E00C29FA5 /* Constant.m in Sources */,
				6003F59E195388D20070C39A /* RCAppDelegate.m in Sources */,
				D757D7682819527D00C809BB /* RCRoleViewController.m in Sources */,
				6003F5A7195388D20070C39A /* RCViewController.m in Sources */,
				D7DEE5F928193D4E00C29FA5 /* RequestToken.m in Sources */,
				6003F59A195388D20070C39A /* main.m in Sources */,
			);
			runOnlyForDeploymentPostprocessing = 0;
		};
		6003F5AA195388D20070C39A /* Sources */ = {
			isa = PBXSourcesBuildPhase;
			buildActionMask = 2147483647;
			files = (
				6003F5BC195388D20070C39A /* Tests.m in Sources */,
			);
			runOnlyForDeploymentPostprocessing = 0;
		};
		D757D73C2819489700C809BB /* Sources */ = {
			isa = PBXSourcesBuildPhase;
			buildActionMask = 2147483647;
			files = (
				D757D7462819489700C809BB /* SampleHandler.m in Sources */,
			);
			runOnlyForDeploymentPostprocessing = 0;
		};
/* End PBXSourcesBuildPhase section */

/* Begin PBXTargetDependency section */
		6003F5B4195388D20070C39A /* PBXTargetDependency */ = {
			isa = PBXTargetDependency;
			target = 6003F589195388D20070C39A /* RCLiveVideoScreenShare_Example */;
			targetProxy = 6003F5B3195388D20070C39A /* PBXContainerItemProxy */;
		};
		D757D7582819489800C809BB /* PBXTargetDependency */ = {
			isa = PBXTargetDependency;
			target = D757D73F2819489700C809BB /* RCSceneScreenShare */;
			targetProxy = D757D7572819489800C809BB /* PBXContainerItemProxy */;
		};
/* End PBXTargetDependency section */

/* Begin PBXVariantGroup section */
		6003F596195388D20070C39A /* InfoPlist.strings */ = {
			isa = PBXVariantGroup;
			children = (
				6003F597195388D20070C39A /* en */,
			);
			name = InfoPlist.strings;
			sourceTree = "<group>";
		};
		6003F5B8195388D20070C39A /* InfoPlist.strings */ = {
			isa = PBXVariantGroup;
			children = (
				6003F5B9195388D20070C39A /* en */,
			);
			name = InfoPlist.strings;
			sourceTree = "<group>";
		};
		71719F9D1E33DC2100824A3D /* LaunchScreen.storyboard */ = {
			isa = PBXVariantGroup;
			children = (
				71719F9E1E33DC2100824A3D /* Base */,
			);
			name = LaunchScreen.storyboard;
			sourceTree = "<group>";
		};
/* End PBXVariantGroup section */

/* Begin XCBuildConfiguration section */
		6003F5BD195388D20070C39A /* Debug */ = {
			isa = XCBuildConfiguration;
			buildSettings = {
				ALWAYS_SEARCH_USER_PATHS = NO;
				CLANG_ANALYZER_LOCALIZABILITY_NONLOCALIZED = YES;
				CLANG_CXX_LANGUAGE_STANDARD = "gnu++0x";
				CLANG_CXX_LIBRARY = "libc++";
				CLANG_ENABLE_MODULES = YES;
				CLANG_ENABLE_OBJC_ARC = YES;
				CLANG_WARN_BLOCK_CAPTURE_AUTORELEASING = YES;
				CLANG_WARN_BOOL_CONVERSION = YES;
				CLANG_WARN_COMMA = YES;
				CLANG_WARN_CONSTANT_CONVERSION = YES;
				CLANG_WARN_DEPRECATED_OBJC_IMPLEMENTATIONS = YES;
				CLANG_WARN_DIRECT_OBJC_ISA_USAGE = YES_ERROR;
				CLANG_WARN_EMPTY_BODY = YES;
				CLANG_WARN_ENUM_CONVERSION = YES;
				CLANG_WARN_INFINITE_RECURSION = YES;
				CLANG_WARN_INT_CONVERSION = YES;
				CLANG_WARN_NON_LITERAL_NULL_CONVERSION = YES;
				CLANG_WARN_OBJC_IMPLICIT_RETAIN_SELF = YES;
				CLANG_WARN_OBJC_LITERAL_CONVERSION = YES;
				CLANG_WARN_OBJC_ROOT_CLASS = YES_ERROR;
				CLANG_WARN_QUOTED_INCLUDE_IN_FRAMEWORK_HEADER = YES;
				CLANG_WARN_RANGE_LOOP_ANALYSIS = YES;
				CLANG_WARN_STRICT_PROTOTYPES = YES;
				CLANG_WARN_SUSPICIOUS_MOVE = YES;
				CLANG_WARN_UNREACHABLE_CODE = YES;
				CLANG_WARN__DUPLICATE_METHOD_MATCH = YES;
				"CODE_SIGN_IDENTITY[sdk=iphoneos*]" = "iPhone Developer";
				COPY_PHASE_STRIP = NO;
				ENABLE_STRICT_OBJC_MSGSEND = YES;
				ENABLE_TESTABILITY = YES;
				GCC_C_LANGUAGE_STANDARD = gnu99;
				GCC_DYNAMIC_NO_PIC = NO;
				GCC_NO_COMMON_BLOCKS = YES;
				GCC_OPTIMIZATION_LEVEL = 0;
				GCC_PREPROCESSOR_DEFINITIONS = (
					"DEBUG=1",
					"$(inherited)",
				);
				GCC_SYMBOLS_PRIVATE_EXTERN = NO;
				GCC_WARN_64_TO_32_BIT_CONVERSION = YES;
				GCC_WARN_ABOUT_RETURN_TYPE = YES_ERROR;
				GCC_WARN_UNDECLARED_SELECTOR = YES;
				GCC_WARN_UNINITIALIZED_AUTOS = YES_AGGRESSIVE;
				GCC_WARN_UNUSED_FUNCTION = YES;
				GCC_WARN_UNUSED_VARIABLE = YES;
				IPHONEOS_DEPLOYMENT_TARGET = 12.0;
				ONLY_ACTIVE_ARCH = YES;
				SDKROOT = iphoneos;
				TARGETED_DEVICE_FAMILY = "1,2";
			};
			name = Debug;
		};
		6003F5BE195388D20070C39A /* Release */ = {
			isa = XCBuildConfiguration;
			buildSettings = {
				ALWAYS_SEARCH_USER_PATHS = NO;
				CLANG_ANALYZER_LOCALIZABILITY_NONLOCALIZED = YES;
				CLANG_CXX_LANGUAGE_STANDARD = "gnu++0x";
				CLANG_CXX_LIBRARY = "libc++";
				CLANG_ENABLE_MODULES = YES;
				CLANG_ENABLE_OBJC_ARC = YES;
				CLANG_WARN_BLOCK_CAPTURE_AUTORELEASING = YES;
				CLANG_WARN_BOOL_CONVERSION = YES;
				CLANG_WARN_COMMA = YES;
				CLANG_WARN_CONSTANT_CONVERSION = YES;
				CLANG_WARN_DEPRECATED_OBJC_IMPLEMENTATIONS = YES;
				CLANG_WARN_DIRECT_OBJC_ISA_USAGE = YES_ERROR;
				CLANG_WARN_EMPTY_BODY = YES;
				CLANG_WARN_ENUM_CONVERSION = YES;
				CLANG_WARN_INFINITE_RECURSION = YES;
				CLANG_WARN_INT_CONVERSION = YES;
				CLANG_WARN_NON_LITERAL_NULL_CONVERSION = YES;
				CLANG_WARN_OBJC_IMPLICIT_RETAIN_SELF = YES;
				CLANG_WARN_OBJC_LITERAL_CONVERSION = YES;
				CLANG_WARN_OBJC_ROOT_CLASS = YES_ERROR;
				CLANG_WARN_QUOTED_INCLUDE_IN_FRAMEWORK_HEADER = YES;
				CLANG_WARN_RANGE_LOOP_ANALYSIS = YES;
				CLANG_WARN_STRICT_PROTOTYPES = YES;
				CLANG_WARN_SUSPICIOUS_MOVE = YES;
				CLANG_WARN_UNREACHABLE_CODE = YES;
				CLANG_WARN__DUPLICATE_METHOD_MATCH = YES;
				"CODE_SIGN_IDENTITY[sdk=iphoneos*]" = "iPhone Developer";
				COPY_PHASE_STRIP = YES;
				ENABLE_NS_ASSERTIONS = NO;
				ENABLE_STRICT_OBJC_MSGSEND = YES;
				GCC_C_LANGUAGE_STANDARD = gnu99;
				GCC_NO_COMMON_BLOCKS = YES;
				GCC_WARN_64_TO_32_BIT_CONVERSION = YES;
				GCC_WARN_ABOUT_RETURN_TYPE = YES_ERROR;
				GCC_WARN_UNDECLARED_SELECTOR = YES;
				GCC_WARN_UNINITIALIZED_AUTOS = YES_AGGRESSIVE;
				GCC_WARN_UNUSED_FUNCTION = YES;
				GCC_WARN_UNUSED_VARIABLE = YES;
				IPHONEOS_DEPLOYMENT_TARGET = 12.0;
				SDKROOT = iphoneos;
				TARGETED_DEVICE_FAMILY = "1,2";
				VALIDATE_PRODUCT = YES;
			};
			name = Release;
		};
		6003F5C0195388D20070C39A /* Debug */ = {
			isa = XCBuildConfiguration;
			baseConfigurationReference = B6080A0442C5F6FADCD3FDCC /* Pods-RCLiveVideoScreenShare_Example.debug.xcconfig */;
			buildSettings = {
				ASSETCATALOG_COMPILER_APPICON_NAME = AppIcon;
				CODE_SIGN_ENTITLEMENTS = RCLiveVideoScreenShare_Example.entitlements;
				CURRENT_PROJECT_VERSION = 20220430;
				DEVELOPMENT_TEAM = 69G8BQ9KQW;
				GCC_PRECOMPILE_PREFIX_HEADER = YES;
				GCC_PREFIX_HEADER = "RCLiveVideoScreenShare/RCLiveVideoScreenShare-Prefix.pch";
				INFOPLIST_FILE = "RCLiveVideoScreenShare/RCLiveVideoScreenShare-Info.plist";
				IPHONEOS_DEPLOYMENT_TARGET = 12.0;
				MARKETING_VERSION = 1.0.0;
				MODULE_NAME = ExampleApp;
				PRODUCT_BUNDLE_IDENTIFIER = cn.rc.scene.video;
				PRODUCT_NAME = "$(TARGET_NAME)";
				SWIFT_VERSION = 4.0;
				WRAPPER_EXTENSION = app;
			};
			name = Debug;
		};
		6003F5C1195388D20070C39A /* Release */ = {
			isa = XCBuildConfiguration;
			baseConfigurationReference = 8265CD78D8117B77C96B4796 /* Pods-RCLiveVideoScreenShare_Example.release.xcconfig */;
			buildSettings = {
				ASSETCATALOG_COMPILER_APPICON_NAME = AppIcon;
				CODE_SIGN_ENTITLEMENTS = RCLiveVideoScreenShare_Example.entitlements;
				CURRENT_PROJECT_VERSION = 20220430;
				DEVELOPMENT_TEAM = 69G8BQ9KQW;
				GCC_PRECOMPILE_PREFIX_HEADER = YES;
				GCC_PREFIX_HEADER = "RCLiveVideoScreenShare/RCLiveVideoScreenShare-Prefix.pch";
				INFOPLIST_FILE = "RCLiveVideoScreenShare/RCLiveVideoScreenShare-Info.plist";
				IPHONEOS_DEPLOYMENT_TARGET = 12.0;
				MARKETING_VERSION = 1.0.0;
				MODULE_NAME = ExampleApp;
				PRODUCT_BUNDLE_IDENTIFIER = cn.rc.scene.video;
				PRODUCT_NAME = "$(TARGET_NAME)";
				SWIFT_VERSION = 4.0;
				WRAPPER_EXTENSION = app;
			};
			name = Release;
		};
		6003F5C3195388D20070C39A /* Debug */ = {
			isa = XCBuildConfiguration;
			baseConfigurationReference = 52180F5DF3960F7E100380EC /* Pods-RCLiveVideoScreenShare_Tests.debug.xcconfig */;
			buildSettings = {
				BUNDLE_LOADER = "$(TEST_HOST)";
				FRAMEWORK_SEARCH_PATHS = (
					"$(PLATFORM_DIR)/Developer/Library/Frameworks",
					"$(inherited)",
					"$(DEVELOPER_FRAMEWORKS_DIR)",
				);
				GCC_PRECOMPILE_PREFIX_HEADER = YES;
				GCC_PREFIX_HEADER = "Tests/Tests-Prefix.pch";
				GCC_PREPROCESSOR_DEFINITIONS = (
					"DEBUG=1",
					"$(inherited)",
				);
				INFOPLIST_FILE = "Tests/Tests-Info.plist";
				PRODUCT_BUNDLE_IDENTIFIER = "org.cocoapods.demo.${PRODUCT_NAME:rfc1034identifier}";
				PRODUCT_NAME = "$(TARGET_NAME)";
				SWIFT_VERSION = 4.0;
				TEST_HOST = "$(BUILT_PRODUCTS_DIR)/RCLiveVideoScreenShare_Example.app/RCLiveVideoScreenShare_Example";
				WRAPPER_EXTENSION = xctest;
			};
			name = Debug;
		};
		6003F5C4195388D20070C39A /* Release */ = {
			isa = XCBuildConfiguration;
			baseConfigurationReference = 5DCD5BC97335322BCAA9D00A /* Pods-RCLiveVideoScreenShare_Tests.release.xcconfig */;
			buildSettings = {
				BUNDLE_LOADER = "$(TEST_HOST)";
				FRAMEWORK_SEARCH_PATHS = (
					"$(PLATFORM_DIR)/Developer/Library/Frameworks",
					"$(inherited)",
					"$(DEVELOPER_FRAMEWORKS_DIR)",
				);
				GCC_PRECOMPILE_PREFIX_HEADER = YES;
				GCC_PREFIX_HEADER = "Tests/Tests-Prefix.pch";
				INFOPLIST_FILE = "Tests/Tests-Info.plist";
				PRODUCT_BUNDLE_IDENTIFIER = "org.cocoapods.demo.${PRODUCT_NAME:rfc1034identifier}";
				PRODUCT_NAME = "$(TARGET_NAME)";
				SWIFT_VERSION = 4.0;
				TEST_HOST = "$(BUILT_PRODUCTS_DIR)/RCLiveVideoScreenShare_Example.app/RCLiveVideoScreenShare_Example";
				WRAPPER_EXTENSION = xctest;
			};
			name = Release;
		};
		D757D75E2819489800C809BB /* Debug */ = {
			isa = XCBuildConfiguration;
			baseConfigurationReference = E8973838F5B4F16B49B99236 /* Pods-RCSceneScreenShare.debug.xcconfig */;
			buildSettings = {
				CLANG_ANALYZER_NONNULL = YES;
				CLANG_ANALYZER_NUMBER_OBJECT_CONVERSION = YES_AGGRESSIVE;
				CLANG_CXX_LANGUAGE_STANDARD = "gnu++17";
				CLANG_ENABLE_OBJC_WEAK = YES;
				CLANG_WARN_BLOCK_CAPTURE_AUTORELEASING = YES;
				CLANG_WARN_COMMA = YES;
				CLANG_WARN_DEPRECATED_OBJC_IMPLEMENTATIONS = YES;
				CLANG_WARN_DOCUMENTATION_COMMENTS = YES;
				CLANG_WARN_INFINITE_RECURSION = YES;
				CLANG_WARN_NON_LITERAL_NULL_CONVERSION = YES;
				CLANG_WARN_OBJC_IMPLICIT_RETAIN_SELF = YES;
				CLANG_WARN_OBJC_LITERAL_CONVERSION = YES;
				CLANG_WARN_QUOTED_INCLUDE_IN_FRAMEWORK_HEADER = YES;
				CLANG_WARN_RANGE_LOOP_ANALYSIS = YES;
				CLANG_WARN_STRICT_PROTOTYPES = YES;
				CLANG_WARN_SUSPICIOUS_MOVE = YES;
				CLANG_WARN_UNGUARDED_AVAILABILITY = YES_AGGRESSIVE;
				CLANG_WARN_UNREACHABLE_CODE = YES;
				CODE_SIGN_ENTITLEMENTS = RCSceneScreenShare/RCSceneScreenShare.entitlements;
				CODE_SIGN_STYLE = Automatic;
				CURRENT_PROJECT_VERSION = 2022043001;
				DEBUG_INFORMATION_FORMAT = dwarf;
				DEVELOPMENT_TEAM = 69G8BQ9KQW;
				ENABLE_STRICT_OBJC_MSGSEND = YES;
				GCC_C_LANGUAGE_STANDARD = gnu11;
				GCC_NO_COMMON_BLOCKS = YES;
				GENERATE_INFOPLIST_FILE = YES;
				INFOPLIST_FILE = RCSceneScreenShare/Info.plist;
				INFOPLIST_KEY_CFBundleDisplayName = RCSceneScreenShare;
				INFOPLIST_KEY_NSHumanReadableCopyright = "Copyright © 2022 shaoshuai. All rights reserved.";
				IPHONEOS_DEPLOYMENT_TARGET = 12.0;
				LD_RUNPATH_SEARCH_PATHS = "$(inherited) @executable_path/Frameworks @executable_path/../../Frameworks";
				MARKETING_VERSION = 1.0.0;
				MTL_ENABLE_DEBUG_INFO = INCLUDE_SOURCE;
				MTL_FAST_MATH = YES;
				PRODUCT_BUNDLE_IDENTIFIER = cn.rc.scene.video.screen.share;
				PRODUCT_NAME = "$(TARGET_NAME)";
				SKIP_INSTALL = YES;
				SWIFT_EMIT_LOC_STRINGS = YES;
				TARGETED_DEVICE_FAMILY = "1,2";
			};
			name = Debug;
		};
		D757D75F2819489800C809BB /* Release */ = {
			isa = XCBuildConfiguration;
			baseConfigurationReference = D6E48787587D89586B9E41E3 /* Pods-RCSceneScreenShare.release.xcconfig */;
			buildSettings = {
				CLANG_ANALYZER_NONNULL = YES;
				CLANG_ANALYZER_NUMBER_OBJECT_CONVERSION = YES_AGGRESSIVE;
				CLANG_CXX_LANGUAGE_STANDARD = "gnu++17";
				CLANG_ENABLE_OBJC_WEAK = YES;
				CLANG_WARN_BLOCK_CAPTURE_AUTORELEASING = YES;
				CLANG_WARN_COMMA = YES;
				CLANG_WARN_DEPRECATED_OBJC_IMPLEMENTATIONS = YES;
				CLANG_WARN_DOCUMENTATION_COMMENTS = YES;
				CLANG_WARN_INFINITE_RECURSION = YES;
				CLANG_WARN_NON_LITERAL_NULL_CONVERSION = YES;
				CLANG_WARN_OBJC_IMPLICIT_RETAIN_SELF = YES;
				CLANG_WARN_OBJC_LITERAL_CONVERSION = YES;
				CLANG_WARN_QUOTED_INCLUDE_IN_FRAMEWORK_HEADER = YES;
				CLANG_WARN_RANGE_LOOP_ANALYSIS = YES;
				CLANG_WARN_STRICT_PROTOTYPES = YES;
				CLANG_WARN_SUSPICIOUS_MOVE = YES;
				CLANG_WARN_UNGUARDED_AVAILABILITY = YES_AGGRESSIVE;
				CLANG_WARN_UNREACHABLE_CODE = YES;
				CODE_SIGN_ENTITLEMENTS = RCSceneScreenShare/RCSceneScreenShare.entitlements;
				CODE_SIGN_STYLE = Automatic;
				COPY_PHASE_STRIP = NO;
				CURRENT_PROJECT_VERSION = 2022043001;
				DEBUG_INFORMATION_FORMAT = "dwarf-with-dsym";
				DEVELOPMENT_TEAM = 69G8BQ9KQW;
				ENABLE_STRICT_OBJC_MSGSEND = YES;
				GCC_C_LANGUAGE_STANDARD = gnu11;
				GCC_NO_COMMON_BLOCKS = YES;
				GENERATE_INFOPLIST_FILE = YES;
				INFOPLIST_FILE = RCSceneScreenShare/Info.plist;
				INFOPLIST_KEY_CFBundleDisplayName = RCSceneScreenShare;
				INFOPLIST_KEY_NSHumanReadableCopyright = "Copyright © 2022 shaoshuai. All rights reserved.";
				IPHONEOS_DEPLOYMENT_TARGET = 12.0;
				LD_RUNPATH_SEARCH_PATHS = "$(inherited) @executable_path/Frameworks @executable_path/../../Frameworks";
				MARKETING_VERSION = 1.0.0;
				MTL_ENABLE_DEBUG_INFO = NO;
				MTL_FAST_MATH = YES;
				PRODUCT_BUNDLE_IDENTIFIER = cn.rc.scene.video.screen.share;
				PRODUCT_NAME = "$(TARGET_NAME)";
				SKIP_INSTALL = YES;
				SWIFT_EMIT_LOC_STRINGS = YES;
				TARGETED_DEVICE_FAMILY = "1,2";
			};
			name = Release;
		};
/* End XCBuildConfiguration section */

/* Begin XCConfigurationList section */
		6003F585195388D10070C39A /* Build configuration list for PBXProject "RCLiveVideoScreenShare" */ = {
			isa = XCConfigurationList;
			buildConfigurations = (
				6003F5BD195388D20070C39A /* Debug */,
				6003F5BE195388D20070C39A /* Release */,
			);
			defaultConfigurationIsVisible = 0;
			defaultConfigurationName = Release;
		};
		6003F5BF195388D20070C39A /* Build configuration list for PBXNativeTarget "RCLiveVideoScreenShare_Example" */ = {
			isa = XCConfigurationList;
			buildConfigurations = (
				6003F5C0195388D20070C39A /* Debug */,
				6003F5C1195388D20070C39A /* Release */,
			);
			defaultConfigurationIsVisible = 0;
			defaultConfigurationName = Release;
		};
		6003F5C2195388D20070C39A /* Build configuration list for PBXNativeTarget "RCLiveVideoScreenShare_Tests" */ = {
			isa = XCConfigurationList;
			buildConfigurations = (
				6003F5C3195388D20070C39A /* Debug */,
				6003F5C4195388D20070C39A /* Release */,
			);
			defaultConfigurationIsVisible = 0;
			defaultConfigurationName = Release;
		};
		D757D75D2819489800C809BB /* Build configuration list for PBXNativeTarget "RCSceneScreenShare" */ = {
			isa = XCConfigurationList;
			buildConfigurations = (
				D757D75E2819489800C809BB /* Debug */,
				D757D75F2819489800C809BB /* Release */,
			);
			defaultConfigurationIsVisible = 0;
			defaultConfigurationName = Release;
		};
/* End XCConfigurationList section */
	};
	rootObject = 6003F582195388D10070C39A /* Project object */;
}
